
Microsoft Visual Studio Solution File, Format Version 12.00
# Visual Studio Version 17
VisualStudioVersion = 17.7.34024.191
MinimumVisualStudioVersion = 10.0.40219.1
Project("{FAE04EC0-301F-11D3-BF4B-00C04F79EFBC}") = "TestTask", "TestTask\TestTask.csproj", "{D857B709-24B0-4ACE-BEA5-55DFAF0A679A}"
EndProject
Global
	GlobalSection(SolutionConfigurationPlatforms) = preSolution
		Debug|Any CPU = Debug|Any CPU
		Release|Any CPU = Release|Any CPU
	EndGlobalSection
	GlobalSection(ProjectConfigurationPlatforms) = postSolution
		{D857B709-24B0-4ACE-BEA5-55DFAF0A679A}.Debug|Any CPU.ActiveCfg = Debug|Any CPU
		{D857B709-24B0-4ACE-BEA5-55DFAF0A679A}.Debug|Any CPU.Build.0 = Debug|Any CPU
		{D857B709-24B0-4ACE-BEA5-55DFAF0A679A}.Release|Any CPU.ActiveCfg = Release|Any CPU
		{D857B709-24B0-4ACE-BEA5-55DFAF0A679A}.Release|Any CPU.Build.0 = Release|Any CPU
	EndGlobalSection
	GlobalSection(SolutionProperties) = preSolution
		HideSolutionNode = FALSE
	EndGlobalSection
	GlobalSection(ExtensibilityGlobals) = postSolution
		SolutionGuid = {63506B20-71B9-4292-BE6C-AB4762A1BB6E}
	EndGlobalSection
EndGlobal
